
Microsoft Visual Studio Solution File, Format Version 12.00
# Visual Studio 14
VisualStudioVersion = 14.0.25420.1
MinimumVisualStudioVersion = 10.0.40219.1
Project("{FAE04EC0-301F-11D3-BF4B-00C04F79EFBC}") = "Task1Logic", "Task1Logic\Task1Logic.csproj", "{4EF3498A-0321-4B54-A252-2E9200BA0E34}"
EndProject
Project("{FAE04EC0-301F-11D3-BF4B-00C04F79EFBC}") = "Task1Console", "Task1Console\Task1Console.csproj", "{BD1430A0-ADFF-436A-A4B9-881A4C562DAD}"
EndProject
Project("{FAE04EC0-301F-11D3-BF4B-00C04F79EFBC}") = "Task2Logic", "Task2Logic\Task2Logic.csproj", "{739B9D64-E282-4AA6-AA09-52490853E801}"
EndProject
Project("{FAE04EC0-301F-11D3-BF4B-00C04F79EFBC}") = "Task2Console", "Task2Console\Task2Console.csproj", "{852E42A9-BAA5-4212-9E92-E71992845732}"
EndProject
Project("{FAE04EC0-301F-11D3-BF4B-00C04F79EFBC}") = "Task3Logic", "Task3Logic\Task3Logic.csproj", "{8A17B5FA-EB65-43C2-8349-CAF91AE9E6F3}"
EndProject
Project("{FAE04EC0-301F-11D3-BF4B-00C04F79EFBC}") = "Task3Console", "Task3Console\Task3Console.csproj", "{0FE90F52-2D3B-4624-B475-D0B73FB42902}"
EndProject
Global
	GlobalSection(SolutionConfigurationPlatforms) = preSolution
		Debug|Any CPU = Debug|Any CPU
		Release|Any CPU = Release|Any CPU
	EndGlobalSection
	GlobalSection(ProjectConfigurationPlatforms) = postSolution
		{4EF3498A-0321-4B54-A252-2E9200BA0E34}.Debug|Any CPU.ActiveCfg = Debug|Any CPU
		{4EF3498A-0321-4B54-A252-2E9200BA0E34}.Debug|Any CPU.Build.0 = Debug|Any CPU
		{4EF3498A-0321-4B54-A252-2E9200BA0E34}.Release|Any CPU.ActiveCfg = Release|Any CPU
		{4EF3498A-0321-4B54-A252-2E9200BA0E34}.Release|Any CPU.Build.0 = Release|Any CPU
		{BD1430A0-ADFF-436A-A4B9-881A4C562DAD}.Debug|Any CPU.ActiveCfg = Debug|Any CPU
		{BD1430A0-ADFF-436A-A4B9-881A4C562DAD}.Debug|Any CPU.Build.0 = Debug|Any CPU
		{BD1430A0-ADFF-436A-A4B9-881A4C562DAD}.Release|Any CPU.ActiveCfg = Release|Any CPU
		{BD1430A0-ADFF-436A-A4B9-881A4C562DAD}.Release|Any CPU.Build.0 = Release|Any CPU
		{739B9D64-E282-4AA6-AA09-52490853E801}.Debug|Any CPU.ActiveCfg = Debug|Any CPU
		{739B9D64-E282-4AA6-AA09-52490853E801}.Debug|Any CPU.Build.0 = Debug|Any CPU
		{739B9D64-E282-4AA6-AA09-52490853E801}.Release|Any CPU.ActiveCfg = Release|Any CPU
		{739B9D64-E282-4AA6-AA09-52490853E801}.Release|Any CPU.Build.0 = Release|Any CPU
		{852E42A9-BAA5-4212-9E92-E71992845732}.Debug|Any CPU.ActiveCfg = Debug|Any CPU
		{852E42A9-BAA5-4212-9E92-E71992845732}.Debug|Any CPU.Build.0 = Debug|Any CPU
		{852E42A9-BAA5-4212-9E92-E71992845732}.Release|Any CPU.ActiveCfg = Release|Any CPU
		{852E42A9-BAA5-4212-9E92-E71992845732}.Release|Any CPU.Build.0 = Release|Any CPU
		{8A17B5FA-EB65-43C2-8349-CAF91AE9E6F3}.Debug|Any CPU.ActiveCfg = Debug|Any CPU
		{8A17B5FA-EB65-43C2-8349-CAF91AE9E6F3}.Debug|Any CPU.Build.0 = Debug|Any CPU
		{8A17B5FA-EB65-43C2-8349-CAF91AE9E6F3}.Release|Any CPU.ActiveCfg = Release|Any CPU
		{8A17B5FA-EB65-43C2-8349-CAF91AE9E6F3}.Release|Any CPU.Build.0 = Release|Any CPU
		{0FE90F52-2D3B-4624-B475-D0B73FB42902}.Debug|Any CPU.ActiveCfg = Debug|Any CPU
		{0FE90F52-2D3B-4624-B475-D0B73FB42902}.Debug|Any CPU.Build.0 = Debug|Any CPU
		{0FE90F52-2D3B-4624-B475-D0B73FB42902}.Release|Any CPU.ActiveCfg = Release|Any CPU
		{0FE90F52-2D3B-4624-B475-D0B73FB42902}.Release|Any CPU.Build.0 = Release|Any CPU
	EndGlobalSection
	GlobalSection(SolutionProperties) = preSolution
		HideSolutionNode = FALSE
	EndGlobalSection
EndGlobal
